Microsoft Visual Studio Solution File, Format Version 12.00
# Visual Studio Version 17
VisualStudioVersion = 17.5.2.0
MinimumVisualStudioVersion = 10.0.40219.1
Project("{FAE04EC0-301F-11D3-BF4B-00C04F79EFBC}") = "SofiaChat", "SofiaChat\SofiaChat.csproj", "{FC467206-12BF-E24F-0612-EFAF242F4C03}"
EndProject
Global
	GlobalSection(SolutionConfigurationPlatforms) = preSolution
		Debug|Any CPU = Debug|Any CPU
		Release|Any CPU = Release|Any CPU
	EndGlobalSection
	GlobalSection(ProjectConfigurationPlatforms) = postSolution
		{FC467206-12BF-E24F-0612-EFAF242F4C03}.Debug|Any CPU.ActiveCfg = Debug|Any CPU
		{FC467206-12BF-E24F-0612-EFAF242F4C03}.Debug|Any CPU.Build.0 = Debug|Any CPU
		{FC467206-12BF-E24F-0612-EFAF242F4C03}.Release|Any CPU.ActiveCfg = Release|Any CPU
		{FC467206-12BF-E24F-0612-EFAF242F4C03}.Release|Any CPU.Build.0 = Release|Any CPU
	EndGlobalSection
	GlobalSection(SolutionProperties) = preSolution
		HideSolutionNode = FALSE
	EndGlobalSection
	GlobalSection(ExtensibilityGlobals) = postSolution
		SolutionGuid = {AA8EC88A-95FD-49F4-B49B-88DB4E2625DC}
	EndGlobalSection
EndGlobal
